
Microsoft Visual Studio Solution File, Format Version 12.00
# Visual Studio 2013
VisualStudioVersion = 12.0.31101.0
MinimumVisualStudioVersion = 10.0.40219.1
Project("{FAE04EC0-301F-11D3-BF4B-00C04F79EFBC}") = "Infotron.BumbleBee", "BumbleBee\Infotron.BumbleBee.csproj", "{23E01965-F3AC-40A7-98EF-A3BD71FE7448}"
EndProject
Project("{2150E333-8FDC-42A3-9474-1A3956D46DE8}") = "Tests", "Tests", "{D26A6279-76E1-4FAE-AEF9-29D99B2B7D54}"
EndProject
Project("{F2A71F9B-5D33-465A-A702-920D77279786}") = "Infotron.FSharpEngine", "FSharpEngine\Infotron.FSharpEngine.fsproj", "{AC6C0BED-7B04-454A-882D-639CA46C90D2}"
EndProject
Project("{FAE04EC0-301F-11D3-BF4B-00C04F79EFBC}") = "Infotron.FormulaTransformation", "FormulaTransformation\Infotron.FormulaTransformation.csproj", "{EE2A8F36-5403-49C0-8A80-E1F33513435B}"
EndProject
Project("{FAE04EC0-301F-11D3-BF4B-00C04F79EFBC}") = "TransformationTests", "TransformationTests\TransformationTests.csproj", "{51EC8734-01F8-4312-B595-0EE5D8EEFB28}"
EndProject
Project("{FAE04EC0-301F-11D3-BF4B-00C04F79EFBC}") = "RefactoringTests", "RefactoringTests\RefactoringTests.csproj", "{A726053E-1795-4AE1-ABEE-2FD9198B4AC9}"
EndProject
Global
	GlobalSection(SolutionConfigurationPlatforms) = preSolution
		Build|Any CPU = Build|Any CPU
		Build|x64 = Build|x64
		Debug|Any CPU = Debug|Any CPU
		Debug|x64 = Debug|x64
		Production|Any CPU = Production|Any CPU
		Production|x64 = Production|x64
		Release|Any CPU = Release|Any CPU
		Release|x64 = Release|x64
		Staging|Any CPU = Staging|Any CPU
		Staging|x64 = Staging|x64
	EndGlobalSection
	GlobalSection(ProjectConfigurationPlatforms) = postSolution
		{23E01965-F3AC-40A7-98EF-A3BD71FE7448}.Build|Any CPU.ActiveCfg = Release|Any CPU
		{23E01965-F3AC-40A7-98EF-A3BD71FE7448}.Build|Any CPU.Build.0 = Release|Any CPU
		{23E01965-F3AC-40A7-98EF-A3BD71FE7448}.Build|x64.ActiveCfg = Release|x64
		{23E01965-F3AC-40A7-98EF-A3BD71FE7448}.Build|x64.Build.0 = Release|x64
		{23E01965-F3AC-40A7-98EF-A3BD71FE7448}.Debug|Any CPU.ActiveCfg = Debug|Any CPU
		{23E01965-F3AC-40A7-98EF-A3BD71FE7448}.Debug|Any CPU.Build.0 = Debug|Any CPU
		{23E01965-F3AC-40A7-98EF-A3BD71FE7448}.Debug|x64.ActiveCfg = Debug|x64
		{23E01965-F3AC-40A7-98EF-A3BD71FE7448}.Debug|x64.Build.0 = Debug|x64
		{23E01965-F3AC-40A7-98EF-A3BD71FE7448}.Production|Any CPU.ActiveCfg = Release|Any CPU
		{23E01965-F3AC-40A7-98EF-A3BD71FE7448}.Production|Any CPU.Build.0 = Release|Any CPU
		{23E01965-F3AC-40A7-98EF-A3BD71FE7448}.Production|x64.ActiveCfg = Release|x64
		{23E01965-F3AC-40A7-98EF-A3BD71FE7448}.Production|x64.Build.0 = Release|x64
		{23E01965-F3AC-40A7-98EF-A3BD71FE7448}.Release|Any CPU.ActiveCfg = Release|Any CPU
		{23E01965-F3AC-40A7-98EF-A3BD71FE7448}.Release|Any CPU.Build.0 = Release|Any CPU
		{23E01965-F3AC-40A7-98EF-A3BD71FE7448}.Release|x64.ActiveCfg = Release|x64
		{23E01965-F3AC-40A7-98EF-A3BD71FE7448}.Release|x64.Build.0 = Release|x64
		{23E01965-F3AC-40A7-98EF-A3BD71FE7448}.Staging|Any CPU.ActiveCfg = Release|Any CPU
		{23E01965-F3AC-40A7-98EF-A3BD71FE7448}.Staging|Any CPU.Build.0 = Release|Any CPU
		{23E01965-F3AC-40A7-98EF-A3BD71FE7448}.Staging|x64.ActiveCfg = Release|x64
		{23E01965-F3AC-40A7-98EF-A3BD71FE7448}.Staging|x64.Build.0 = Release|x64
		{AC6C0BED-7B04-454A-882D-639CA46C90D2}.Build|Any CPU.ActiveCfg = Staging|Any CPU
		{AC6C0BED-7B04-454A-882D-639CA46C90D2}.Build|Any CPU.Build.0 = Staging|Any CPU
		{AC6C0BED-7B04-454A-882D-639CA46C90D2}.Build|x64.ActiveCfg = Staging|x64
		{AC6C0BED-7B04-454A-882D-639CA46C90D2}.Build|x64.Build.0 = Staging|x64
		{AC6C0BED-7B04-454A-882D-639CA46C90D2}.Debug|Any CPU.ActiveCfg = Debug|Any CPU
		{AC6C0BED-7B04-454A-882D-639CA46C90D2}.Debug|Any CPU.Build.0 = Debug|Any CPU
		{AC6C0BED-7B04-454A-882D-639CA46C90D2}.Debug|x64.ActiveCfg = Debug|x64
		{AC6C0BED-7B04-454A-882D-639CA46C90D2}.Debug|x64.Build.0 = Debug|x64
		{AC6C0BED-7B04-454A-882D-639CA46C90D2}.Production|Any CPU.ActiveCfg = Staging|Any CPU
		{AC6C0BED-7B04-454A-882D-639CA46C90D2}.Production|Any CPU.Build.0 = Staging|Any CPU
		{AC6C0BED-7B04-454A-882D-639CA46C90D2}.Production|x64.ActiveCfg = Staging|x64
		{AC6C0BED-7B04-454A-882D-639CA46C90D2}.Production|x64.Build.0 = Staging|x64
		{AC6C0BED-7B04-454A-882D-639CA46C90D2}.Release|Any CPU.ActiveCfg = Release|Any CPU
		{AC6C0BED-7B04-454A-882D-639CA46C90D2}.Release|Any CPU.Build.0 = Release|Any CPU
		{AC6C0BED-7B04-454A-882D-639CA46C90D2}.Release|x64.ActiveCfg = Release|x64
		{AC6C0BED-7B04-454A-882D-639CA46C90D2}.Release|x64.Build.0 = Release|x64
		{AC6C0BED-7B04-454A-882D-639CA46C90D2}.Staging|Any CPU.ActiveCfg = Staging|Any CPU
		{AC6C0BED-7B04-454A-882D-639CA46C90D2}.Staging|Any CPU.Build.0 = Staging|Any CPU
		{AC6C0BED-7B04-454A-882D-639CA46C90D2}.Staging|x64.ActiveCfg = Staging|x64
		{AC6C0BED-7B04-454A-882D-639CA46C90D2}.Staging|x64.Build.0 = Staging|x64
		{EE2A8F36-5403-49C0-8A80-E1F33513435B}.Build|Any CPU.ActiveCfg = Staging|Any CPU
		{EE2A8F36-5403-49C0-8A80-E1F33513435B}.Build|Any CPU.Build.0 = Staging|Any CPU
		{EE2A8F36-5403-49C0-8A80-E1F33513435B}.Build|x64.ActiveCfg = Staging|x64
		{EE2A8F36-5403-49C0-8A80-E1F33513435B}.Build|x64.Build.0 = Staging|x64
		{EE2A8F36-5403-49C0-8A80-E1F33513435B}.Debug|Any CPU.ActiveCfg = Debug|Any CPU
		{EE2A8F36-5403-49C0-8A80-E1F33513435B}.Debug|Any CPU.Build.0 = Debug|Any CPU
		{EE2A8F36-5403-49C0-8A80-E1F33513435B}.Debug|x64.ActiveCfg = Debug|x64
		{EE2A8F36-5403-49C0-8A80-E1F33513435B}.Debug|x64.Build.0 = Debug|x64
		{EE2A8F36-5403-49C0-8A80-E1F33513435B}.Production|Any CPU.ActiveCfg = Staging|Any CPU
		{EE2A8F36-5403-49C0-8A80-E1F33513435B}.Production|Any CPU.Build.0 = Staging|Any CPU
		{EE2A8F36-5403-49C0-8A80-E1F33513435B}.Production|x64.ActiveCfg = Staging|x64
		{EE2A8F36-5403-49C0-8A80-E1F33513435B}.Production|x64.Build.0 = Staging|x64
		{EE2A8F36-5403-49C0-8A80-E1F33513435B}.Release|Any CPU.ActiveCfg = Release|Any CPU
		{EE2A8F36-5403-49C0-8A80-E1F33513435B}.Release|Any CPU.Build.0 = Release|Any CPU
		{EE2A8F36-5403-49C0-8A80-E1F33513435B}.Release|x64.ActiveCfg = Release|x64
		{EE2A8F36-5403-49C0-8A80-E1F33513435B}.Release|x64.Build.0 = Release|x64
		{EE2A8F36-5403-49C0-8A80-E1F33513435B}.Staging|Any CPU.ActiveCfg = Staging|Any CPU
		{EE2A8F36-5403-49C0-8A80-E1F33513435B}.Staging|Any CPU.Build.0 = Staging|Any CPU
		{EE2A8F36-5403-49C0-8A80-E1F33513435B}.Staging|x64.ActiveCfg = Staging|x64
		{EE2A8F36-5403-49C0-8A80-E1F33513435B}.Staging|x64.Build.0 = Staging|x64
		{51EC8734-01F8-4312-B595-0EE5D8EEFB28}.Build|Any CPU.ActiveCfg = Staging|Any CPU
		{51EC8734-01F8-4312-B595-0EE5D8EEFB28}.Build|Any CPU.Build.0 = Staging|Any CPU
		{51EC8734-01F8-4312-B595-0EE5D8EEFB28}.Build|x64.ActiveCfg = Staging|x64
		{51EC8734-01F8-4312-B595-0EE5D8EEFB28}.Build|x64.Build.0 = Staging|x64
		{51EC8734-01F8-4312-B595-0EE5D8EEFB28}.Debug|Any CPU.ActiveCfg = Debug|Any CPU
		{51EC8734-01F8-4312-B595-0EE5D8EEFB28}.Debug|Any CPU.Build.0 = Debug|Any CPU
		{51EC8734-01F8-4312-B595-0EE5D8EEFB28}.Debug|x64.ActiveCfg = Debug|x64
		{51EC8734-01F8-4312-B595-0EE5D8EEFB28}.Debug|x64.Build.0 = Debug|x64
		{51EC8734-01F8-4312-B595-0EE5D8EEFB28}.Production|Any CPU.ActiveCfg = Staging|Any CPU
		{51EC8734-01F8-4312-B595-0EE5D8EEFB28}.Production|Any CPU.Build.0 = Staging|Any CPU
		{51EC8734-01F8-4312-B595-0EE5D8EEFB28}.Production|x64.ActiveCfg = Staging|x64
		{51EC8734-01F8-4312-B595-0EE5D8EEFB28}.Production|x64.Build.0 = Staging|x64
		{51EC8734-01F8-4312-B595-0EE5D8EEFB28}.Release|Any CPU.ActiveCfg = Release|Any CPU
		{51EC8734-01F8-4312-B595-0EE5D8EEFB28}.Release|Any CPU.Build.0 = Release|Any CPU
		{51EC8734-01F8-4312-B595-0EE5D8EEFB28}.Release|x64.ActiveCfg = Release|x64
		{51EC8734-01F8-4312-B595-0EE5D8EEFB28}.Release|x64.Build.0 = Release|x64
		{51EC8734-01F8-4312-B595-0EE5D8EEFB28}.Staging|Any CPU.ActiveCfg = Staging|Any CPU
		{51EC8734-01F8-4312-B595-0EE5D8EEFB28}.Staging|Any CPU.Build.0 = Staging|Any CPU
		{51EC8734-01F8-4312-B595-0EE5D8EEFB28}.Staging|x64.ActiveCfg = Staging|x64
		{51EC8734-01F8-4312-B595-0EE5D8EEFB28}.Staging|x64.Build.0 = Staging|x64
		{A726053E-1795-4AE1-ABEE-2FD9198B4AC9}.Build|Any CPU.ActiveCfg = Release|Any CPU
		{A726053E-1795-4AE1-ABEE-2FD9198B4AC9}.Build|Any CPU.Build.0 = Release|Any CPU
		{A726053E-1795-4AE1-ABEE-2FD9198B4AC9}.Build|x64.ActiveCfg = Release|x64
		{A726053E-1795-4AE1-ABEE-2FD9198B4AC9}.Build|x64.Build.0 = Release|x64
		{A726053E-1795-4AE1-ABEE-2FD9198B4AC9}.Debug|Any CPU.ActiveCfg = Debug|Any CPU
		{A726053E-1795-4AE1-ABEE-2FD9198B4AC9}.Debug|Any CPU.Build.0 = Debug|Any CPU
		{A726053E-1795-4AE1-ABEE-2FD9198B4AC9}.Debug|x64.ActiveCfg = Debug|x64
		{A726053E-1795-4AE1-ABEE-2FD9198B4AC9}.Debug|x64.Build.0 = Debug|x64
		{A726053E-1795-4AE1-ABEE-2FD9198B4AC9}.Production|Any CPU.ActiveCfg = Release|Any CPU
		{A726053E-1795-4AE1-ABEE-2FD9198B4AC9}.Production|Any CPU.Build.0 = Release|Any CPU
		{A726053E-1795-4AE1-ABEE-2FD9198B4AC9}.Production|x64.ActiveCfg = Release|x64
		{A726053E-1795-4AE1-ABEE-2FD9198B4AC9}.Production|x64.Build.0 = Release|x64
		{A726053E-1795-4AE1-ABEE-2FD9198B4AC9}.Release|Any CPU.ActiveCfg = Release|Any CPU
		{A726053E-1795-4AE1-ABEE-2FD9198B4AC9}.Release|Any CPU.Build.0 = Release|Any CPU
		{A726053E-1795-4AE1-ABEE-2FD9198B4AC9}.Release|x64.ActiveCfg = Release|x64
		{A726053E-1795-4AE1-ABEE-2FD9198B4AC9}.Release|x64.Build.0 = Release|x64
		{A726053E-1795-4AE1-ABEE-2FD9198B4AC9}.Staging|Any CPU.ActiveCfg = Release|Any CPU
		{A726053E-1795-4AE1-ABEE-2FD9198B4AC9}.Staging|Any CPU.Build.0 = Release|Any CPU
		{A726053E-1795-4AE1-ABEE-2FD9198B4AC9}.Staging|x64.ActiveCfg = Release|x64
		{A726053E-1795-4AE1-ABEE-2FD9198B4AC9}.Staging|x64.Build.0 = Release|x64
	EndGlobalSection
	GlobalSection(SolutionProperties) = preSolution
		HideSolutionNode = FALSE
	EndGlobalSection
	GlobalSection(NestedProjects) = preSolution
		{51EC8734-01F8-4312-B595-0EE5D8EEFB28} = {D26A6279-76E1-4FAE-AEF9-29D99B2B7D54}
		{A726053E-1795-4AE1-ABEE-2FD9198B4AC9} = {D26A6279-76E1-4FAE-AEF9-29D99B2B7D54}
	EndGlobalSection
EndGlobal
